
Microsoft Visual Studio Solution File, Format Version 12.00
# Visual Studio Version 16
VisualStudioVersion = 16.0.30523.141
MinimumVisualStudioVersion = 10.0.40219.1
Project("{FAE04EC0-301F-11D3-BF4B-00C04F79EFBC}") = "OpenTKGUI", "OpenTKGUI\OpenTKGUI.csproj", "{A8A8C813-8173-4148-B0E8-FAB4E553C904}"
EndProject
Global
	GlobalSection(SolutionConfigurationPlatforms) = preSolution
		Debug|Any CPU = Debug|Any CPU
		Release|Any CPU = Release|Any CPU
	EndGlobalSection
	GlobalSection(ProjectConfigurationPlatforms) = postSolution
		{A8A8C813-8173-4148-B0E8-FAB4E553C904}.Debug|Any CPU.ActiveCfg = Debug|Any CPU
		{A8A8C813-8173-4148-B0E8-FAB4E553C904}.Debug|Any CPU.Build.0 = Debug|Any CPU
		{A8A8C813-8173-4148-B0E8-FAB4E553C904}.Release|Any CPU.ActiveCfg = Release|Any CPU
		{A8A8C813-8173-4148-B0E8-FAB4E553C904}.Release|Any CPU.Build.0 = Release|Any CPU
	EndGlobalSection
	GlobalSection(SolutionProperties) = preSolution
		HideSolutionNode = FALSE
	EndGlobalSection
	GlobalSection(ExtensibilityGlobals) = postSolution
		SolutionGuid = {0FB5800F-CA94-44B2-AFC5-58DF559CAFDF}
	EndGlobalSection
EndGlobal
